
Microsoft Visual Studio Solution File, Format Version 12.00
# Visual Studio 15
VisualStudioVersion = 15.0.28307.168
MinimumVisualStudioVersion = 10.0.40219.1
Project("{FAE04EC0-301F-11D3-BF4B-00C04F79EFBC}") = "Infnet.Pos.EngSoftware.Apresentacao", "Infnet.Pos.EngSoftware.Apresentacao\Infnet.Pos.EngSoftware.Apresentacao.csproj", "{4497A1A7-FF3C-46D9-BA24-4B65E51D0672}"
EndProject
Global
	GlobalSection(SolutionConfigurationPlatforms) = preSolution
		Debug|Any CPU = Debug|Any CPU
		Release|Any CPU = Release|Any CPU
	EndGlobalSection
	GlobalSection(ProjectConfigurationPlatforms) = postSolution
		{4497A1A7-FF3C-46D9-BA24-4B65E51D0672}.Debug|Any CPU.ActiveCfg = Debug|Any CPU
		{4497A1A7-FF3C-46D9-BA24-4B65E51D0672}.Debug|Any CPU.Build.0 = Debug|Any CPU
		{4497A1A7-FF3C-46D9-BA24-4B65E51D0672}.Release|Any CPU.ActiveCfg = Release|Any CPU
		{4497A1A7-FF3C-46D9-BA24-4B65E51D0672}.Release|Any CPU.Build.0 = Release|Any CPU
	EndGlobalSection
	GlobalSection(SolutionProperties) = preSolution
		HideSolutionNode = FALSE
	EndGlobalSection
	GlobalSection(ExtensibilityGlobals) = postSolution
		SolutionGuid = {3F394A8C-BE22-4CC8-AD92-9F2DD391075E}
	EndGlobalSection
EndGlobal
